// !$*UTF8*$!
{
	archiveVersion = 1;
	classes = {
	};
	objectVersion = 50;
	objects = {

/* Begin PBXBuildFile section */
		F6A5875126ECA71500BC767B /* AppDelegate.swift in Sources */ = {isa = PBXBuildFile; fileRef = F6A5875026ECA71500BC767B /* AppDelegate.swift */; };
		F6A5875326ECA71500BC767B /* SceneDelegate.swift in Sources */ = {isa = PBXBuildFile; fileRef = F6A5875226ECA71500BC767B /* SceneDelegate.swift */; };
		F6A5875526ECA71500BC767B /* ViewController.swift in Sources */ = {isa = PBXBuildFile; fileRef = F6A5875426ECA71500BC767B /* ViewController.swift */; };
		F6A5875826ECA71500BC767B /* Main.storyboard in Resources */ = {isa = PBXBuildFile; fileRef = F6A5875626ECA71500BC767B /* Main.storyboard */; };
		F6A5875A26ECA72B00BC767B /* Assets.xcassets in Resources */ = {isa = PBXBuildFile; fileRef = F6A5875926ECA72B00BC767B /* Assets.xcassets */; };
		F6A5875D26ECA72B00BC767B /* LaunchScreen.storyboard in Resources */ = {isa = PBXBuildFile; fileRef = F6A5875B26ECA72B00BC767B /* LaunchScreen.storyboard */; };
		F6A5876726ED05A100BC767B /* Currency.swift in Sources */ = {isa = PBXBuildFile; fileRef = F6A5876626ED05A100BC767B /* Currency.swift */; };
		F6A5876B26ED05CC00BC767B /* CurrencyPair.swift in Sources */ = {isa = PBXBuildFile; fileRef = F6A5876A26ED05CC00BC767B /* CurrencyPair.swift */; };
		F6A5876E26ED05F900BC767B /* CurrencyConverter.swift in Sources */ = {isa = PBXBuildFile; fileRef = F6A5876D26ED05F900BC767B /* CurrencyConverter.swift */; };
		F6A5877126ED062900BC767B /* ExchangeRateTable.swift in Sources */ = {isa = PBXBuildFile; fileRef = F6A5877026ED062900BC767B /* ExchangeRateTable.swift */; };
		F6A5877426ED08C200BC767B /* ExchangeRateTable.plist in Resources */ = {isa = PBXBuildFile; fileRef = F6A5877326ED08C200BC767B /* ExchangeRateTable.plist */; };
		F6A5877C26ED90C800BC767B /* PorpertyListCodable.swift in Sources */ = {isa = PBXBuildFile; fileRef = F6A5877B26ED90C800BC767B /* PorpertyListCodable.swift */; };
/* End PBXBuildFile section */

/* Begin PBXFileReference section */
		F6A5874D26ECA71500BC767B /* Currency.app */ = {isa = PBXFileReference; explicitFileType = wrapper.application; includeInIndex = 0; path = Currency.app; sourceTree = BUILT_PRODUCTS_DIR; };
		F6A5875026ECA71500BC767B /* AppDelegate.swift */ = {isa = PBXFileReference; lastKnownFileType = sourcecode.swift; path = AppDelegate.swift; sourceTree = "<group>"; };
		F6A5875226ECA71500BC767B /* SceneDelegate.swift */ = {isa = PBXFileReference; lastKnownFileType = sourcecode.swift; path = SceneDelegate.swift; sourceTree = "<group>"; };
		F6A5875426ECA71500BC767B /* ViewController.swift */ = {isa = PBXFileReference; lastKnownFileType = sourcecode.swift; path = ViewController.swift; sourceTree = "<group>"; };
		F6A5875726ECA71500BC767B /* Base */ = {isa = PBXFileReference; lastKnownFileType = file.storyboard; name = Base; path = Base.lproj/Main.storyboard; sourceTree = "<group>"; };
		F6A5875926ECA72B00BC767B /* Assets.xcassets */ = {isa = PBXFileReference; lastKnownFileType = folder.assetcatalog; path = Assets.xcassets; sourceTree = "<group>"; };
		F6A5875C26ECA72B00BC767B /* Base */ = {isa = PBXFileReference; lastKnownFileType = file.storyboard; name = Base; path = Base.lproj/LaunchScreen.storyboard; sourceTree = "<group>"; };
		F6A5875E26ECA72B00BC767B /* Info.plist */ = {isa = PBXFileReference; lastKnownFileType = text.plist.xml; path = Info.plist; sourceTree = "<group>"; };
		F6A5876626ED05A100BC767B /* Currency.swift */ = {isa = PBXFileReference; lastKnownFileType = sourcecode.swift; path = Currency.swift; sourceTree = "<group>"; };
		F6A5876A26ED05CC00BC767B /* CurrencyPair.swift */ = {isa = PBXFileReference; lastKnownFileType = sourcecode.swift; path = CurrencyPair.swift; sourceTree = "<group>"; };
		F6A5876D26ED05F900BC767B /* CurrencyConverter.swift */ = {isa = PBXFileReference; lastKnownFileType = sourcecode.swift; path = CurrencyConverter.swift; sourceTree = "<group>"; };
		F6A5877026ED062900BC767B /* ExchangeRateTable.swift */ = {isa = PBXFileReference; lastKnownFileType = sourcecode.swift; path = ExchangeRateTable.swift; sourceTree = "<group>"; };
		F6A5877326ED08C200BC767B /* ExchangeRateTable.plist */ = {isa = PBXFileReference; lastKnownFileType = text.plist.xml; path = ExchangeRateTable.plist; sourceTree = "<group>"; };
		F6A5877B26ED90C800BC767B /* PorpertyListCodable.swift */ = {isa = PBXFileReference; lastKnownFileType = sourcecode.swift; path = PorpertyListCodable.swift; sourceTree = "<group>"; };
/* End PBXFileReference section */

/* Begin PBXFrameworksBuildPhase section */
		F6A5874A26ECA71500BC767B /* Frameworks */ = {
			isa = PBXFrameworksBuildPhase;
			buildActionMask = 2147483647;
			files = (
			);
			runOnlyForDeploymentPostprocessing = 0;
		};
/* End PBXFrameworksBuildPhase section */

/* Begin PBXGroup section */
		F6A5874426ECA71500BC767B = {
			isa = PBXGroup;
			children = (
				F6A5874F26ECA71500BC767B /* Currency */,
				F6A5874E26ECA71500BC767B /* Products */,
			);
			sourceTree = "<group>";
		};
		F6A5874E26ECA71500BC767B /* Products */ = {
			isa = PBXGroup;
			children = (
				F6A5874D26ECA71500BC767B /* Currency.app */,
			);
			name = Products;
			sourceTree = "<group>";
		};
		F6A5874F26ECA71500BC767B /* Currency */ = {
			isa = PBXGroup;
			children = (
				F6A5876526ED058C00BC767B /* Currency */,
				F6A5875026ECA71500BC767B /* AppDelegate.swift */,
				F6A5875226ECA71500BC767B /* SceneDelegate.swift */,
				F6A5875426ECA71500BC767B /* ViewController.swift */,
				F6A5875626ECA71500BC767B /* Main.storyboard */,
				F6A5875926ECA72B00BC767B /* Assets.xcassets */,
				F6A5875B26ECA72B00BC767B /* LaunchScreen.storyboard */,
				F6A5875E26ECA72B00BC767B /* Info.plist */,
			);
			path = Currency;
			sourceTree = "<group>";
		};
		F6A5876526ED058C00BC767B /* Currency */ = {
			isa = PBXGroup;
			children = (
				F6A5876626ED05A100BC767B /* Currency.swift */,
				F6A5876A26ED05CC00BC767B /* CurrencyPair.swift */,
				F6A5876D26ED05F900BC767B /* CurrencyConverter.swift */,
				F6A5877026ED062900BC767B /* ExchangeRateTable.swift */,
				F6A5877B26ED90C800BC767B /* PorpertyListCodable.swift */,
				F6A5877326ED08C200BC767B /* ExchangeRateTable.plist */,
			);
			path = Currency;
			sourceTree = "<group>";
		};
/* End PBXGroup section */

/* Begin PBXNativeTarget section */
		F6A5874C26ECA71500BC767B /* Currency */ = {
			isa = PBXNativeTarget;
			buildConfigurationList = F6A5876126ECA72B00BC767B /* Build configuration list for PBXNativeTarget "Currency" */;
			buildPhases = (
				F6A5874926ECA71500BC767B /* Sources */,
				F6A5874A26ECA71500BC767B /* Frameworks */,
				F6A5874B26ECA71500BC767B /* Resources */,
			);
			buildRules = (
			);
			dependencies = (
			);
			name = Currency;
			productName = Currency;
			productReference = F6A5874D26ECA71500BC767B /* Currency.app */;
			productType = "com.apple.product-type.application";
		};
/* End PBXNativeTarget section */

/* Begin PBXProject section */
		F6A5874526ECA71500BC767B /* Project object */ = {
			isa = PBXProject;
			attributes = {
				LastSwiftUpdateCheck = 1210;
				LastUpgradeCheck = 1210;
				TargetAttributes = {
					F6A5874C26ECA71500BC767B = {
						CreatedOnToolsVersion = 12.1;
					};
				};
			};
			buildConfigurationList = F6A5874826ECA71500BC767B /* Build configuration list for PBXProject "Currency" */;
			compatibilityVersion = "Xcode 9.3";
			developmentRegion = en;
			hasScannedForEncodings = 0;
			knownRegions = (
				en,
				Base,
			);
			mainGroup = F6A5874426ECA71500BC767B;
			productRefGroup = F6A5874E26ECA71500BC767B /* Products */;
			projectDirPath = "";
			projectRoot = "";
			targets = (
				F6A5874C26ECA71500BC767B /* Currency */,
			);
		};
/* End PBXProject section */

/* Begin PBXResourcesBuildPhase section */
		F6A5874B26ECA71500BC767B /* Resources */ = {
			isa = PBXResourcesBuildPhase;
			buildActionMask = 2147483647;
			files = (
				F6A5877426ED08C200BC767B /* ExchangeRateTable.plist in Resources */,
				F6A5875D26ECA72B00BC767B /* LaunchScreen.storyboard in Resources */,
				F6A5875A26ECA72B00BC767B /* Assets.xcassets in Resources */,
				F6A5875826ECA71500BC767B /* Main.storyboard in Resources */,
			);
			runOnlyForDeploymentPostprocessing = 0;
		};
/* End PBXResourcesBuildPhase section */

/* Begin PBXSourcesBuildPhase section */
		F6A5874926ECA71500BC767B /* Sources */ = {
			isa = PBXSourcesBuildPhase;
			buildActionMask = 2147483647;
			files = (
				F6A5876726ED05A100BC767B /* Currency.swift in Sources */,
				F6A5875526ECA71500BC767B /* ViewController.swift in Sources */,
				F6A5876B26ED05CC00BC767B /* CurrencyPair.swift in Sources */,
				F6A5877126ED062900BC767B /* ExchangeRateTable.swift in Sources */,
				F6A5876E26ED05F900BC767B /* CurrencyConverter.swift in Sources */,
				F6A5875126ECA71500BC767B /* AppDelegate.swift in Sources */,
				F6A5875326ECA71500BC767B /* SceneDelegate.swift in Sources */,
				F6A5877C26ED90C800BC767B /* PorpertyListCodable.swift in Sources */,
			);
			runOnlyForDeploymentPostprocessing = 0;
		};
/* End PBXSourcesBuildPhase section */

/* Begin PBXVariantGroup section */
		F6A5875626ECA71500BC767B /* Main.storyboard */ = {
			isa = PBXVariantGroup;
			children = (
				F6A5875726ECA71500BC767B /* Base */,
			);
			name = Main.storyboard;
			sourceTree = "<group>";
		};
		F6A5875B26ECA72B00BC767B /* LaunchScreen.storyboard */ = {
			isa = PBXVariantGroup;
			children = (
				F6A5875C26ECA72B00BC767B /* Base */,
			);
			name = LaunchScreen.storyboard;
			sourceTree = "<group>";
		};
/* End PBXVariantGroup section */

/* Begin XCBuildConfiguration section */
		F6A5875F26ECA72B00BC767B /* Debug */ = {
			isa = XCBuildConfiguration;
			buildSettings = {
				ALWAYS_SEARCH_USER_PATHS = NO;
				CLANG_ANALYZER_NONNULL = YES;
				CLANG_ANALYZER_NUMBER_OBJECT_CONVERSION = YES_AGGRESSIVE;
				CLANG_CXX_LANGUAGE_STANDARD = "gnu++14";
				CLANG_CXX_LIBRARY = "libc++";
				CLANG_ENABLE_MODULES = YES;
				CLANG_ENABLE_OBJC_ARC = YES;
				CLANG_ENABLE_OBJC_WEAK = YES;
				CLANG_WARN_BLOCK_CAPTURE_AUTORELEASING = YES;
				CLANG_WARN_BOOL_CONVERSION = YES;
				CLANG_WARN_COMMA = YES;
				CLANG_WARN_CONSTANT_CONVERSION = YES;
				CLANG_WARN_DEPRECATED_OBJC_IMPLEMENTATIONS = YES;
				CLANG_WARN_DIRECT_OBJC_ISA_USAGE = YES_ERROR;
				CLANG_WARN_DOCUMENTATION_COMMENTS = YES;
				CLANG_WARN_EMPTY_BODY = YES;
				CLANG_WARN_ENUM_CONVERSION = YES;
				CLANG_WARN_INFINITE_RECURSION = YES;
				CLANG_WARN_INT_CONVERSION = YES;
				CLANG_WARN_NON_LITERAL_NULL_CONVERSION = YES;
				CLANG_WARN_OBJC_IMPLICIT_RETAIN_SELF = YES;
				CLANG_WARN_OBJC_LITERAL_CONVERSION = YES;
				CLANG_WARN_OBJC_ROOT_CLASS = YES_ERROR;
				CLANG_WARN_QUOTED_INCLUDE_IN_FRAMEWORK_HEADER = YES;
				CLANG_WARN_RANGE_LOOP_ANALYSIS = YES;
				CLANG_WARN_STRICT_PROTOTYPES = YES;
				CLANG_WARN_SUSPICIOUS_MOVE = YES;
				CLANG_WARN_UNGUARDED_AVAILABILITY = YES_AGGRESSIVE;
				CLANG_WARN_UNREACHABLE_CODE = YES;
				CLANG_WARN__DUPLICATE_METHOD_MATCH = YES;
				COPY_PHASE_STRIP = NO;
				DEBUG_INFORMATION_FORMAT = dwarf;
				ENABLE_STRICT_OBJC_MSGSEND = YES;
				ENABLE_TESTABILITY = YES;
				GCC_C_LANGUAGE_STANDARD = gnu11;
				GCC_DYNAMIC_NO_PIC = NO;
				GCC_NO_COMMON_BLOCKS = YES;
				GCC_OPTIMIZATION_LEVEL = 0;
				GCC_PREPROCESSOR_DEFINITIONS = (
					"DEBUG=1",
					"$(inherited)",
				);
				GCC_WARN_64_TO_32_BIT_CONVERSION = YES;
				GCC_WARN_ABOUT_RETURN_TYPE = YES_ERROR;
				GCC_WARN_UNDECLARED_SELECTOR = YES;
				GCC_WARN_UNINITIALIZED_AUTOS = YES_AGGRESSIVE;
				GCC_WARN_UNUSED_FUNCTION = YES;
				GCC_WARN_UNUSED_VARIABLE = YES;
				IPHONEOS_DEPLOYMENT_TARGET = 14.1;
				MTL_ENABLE_DEBUG_INFO = INCLUDE_SOURCE;
				MTL_FAST_MATH = YES;
				ONLY_ACTIVE_ARCH = YES;
				SDKROOT = iphoneos;
				SWIFT_ACTIVE_COMPILATION_CONDITIONS = DEBUG;
				SWIFT_OPTIMIZATION_LEVEL = "-Onone";
			};
			name = Debug;
		};
		F6A5876026ECA72B00BC767B /* Release */ = {
			isa = XCBuildConfiguration;
			buildSettings = {
				ALWAYS_SEARCH_USER_PATHS = NO;
				CLANG_ANALYZER_NONNULL = YES;
				CLANG_ANALYZER_NUMBER_OBJECT_CONVERSION = YES_AGGRESSIVE;
				CLANG_CXX_LANGUAGE_STANDARD = "gnu++14";
				CLANG_CXX_LIBRARY = "libc++";
				CLANG_ENABLE_MODULES = YES;
				CLANG_ENABLE_OBJC_ARC = YES;
				CLANG_ENABLE_OBJC_WEAK = YES;
				CLANG_WARN_BLOCK_CAPTURE_AUTORELEASING = YES;
				CLANG_WARN_BOOL_CONVERSION = YES;
				CLANG_WARN_COMMA = YES;
				CLANG_WARN_CONSTANT_CONVERSION = YES;
				CLANG_WARN_DEPRECATED_OBJC_IMPLEMENTATIONS = YES;
				CLANG_WARN_DIRECT_OBJC_ISA_USAGE = YES_ERROR;
				CLANG_WARN_DOCUMENTATION_COMMENTS = YES;
				CLANG_WARN_EMPTY_BODY = YES;
				CLANG_WARN_ENUM_CONVERSION = YES;
				CLANG_WARN_INFINITE_RECURSION = YES;
				CLANG_WARN_INT_CONVERSION = YES;
				CLANG_WARN_NON_LITERAL_NULL_CONVERSION = YES;
				CLANG_WARN_OBJC_IMPLICIT_RETAIN_SELF = YES;
				CLANG_WARN_OBJC_LITERAL_CONVERSION = YES;
				CLANG_WARN_OBJC_ROOT_CLASS = YES_ERROR;
				CLANG_WARN_QUOTED_INCLUDE_IN_FRAMEWORK_HEADER = YES;
				CLANG_WARN_RANGE_LOOP_ANALYSIS = YES;
				CLANG_WARN_STRICT_PROTOTYPES = YES;
				CLANG_WARN_SUSPICIOUS_MOVE = YES;
				CLANG_WARN_UNGUARDED_AVAILABILITY = YES_AGGRESSIVE;
				CLANG_WARN_UNREACHABLE_CODE = YES;
				CLANG_WARN__DUPLICATE_METHOD_MATCH = YES;
				COPY_PHASE_STRIP = NO;
				DEBUG_INFORMATION_FORMAT = "dwarf-with-dsym";
				ENABLE_NS_ASSERTIONS = NO;
				ENABLE_STRICT_OBJC_MSGSEND = YES;
				GCC_C_LANGUAGE_STANDARD = gnu11;
				GCC_NO_COMMON_BLOCKS = YES;
				GCC_WARN_64_TO_32_BIT_CONVERSION = YES;
				GCC_WARN_ABOUT_RETURN_TYPE = YES_ERROR;
				GCC_WARN_UNDECLARED_SELECTOR = YES;
				GCC_WARN_UNINITIALIZED_AUTOS = YES_AGGRESSIVE;
				GCC_WARN_UNUSED_FUNCTION = YES;
				GCC_WARN_UNUSED_VARIABLE = YES;
				IPHONEOS_DEPLOYMENT_TARGET = 14.1;
				MTL_ENABLE_DEBUG_INFO = NO;
				MTL_FAST_MATH = YES;
				SDKROOT = iphoneos;
				SWIFT_COMPILATION_MODE = wholemodule;
				SWIFT_OPTIMIZATION_LEVEL = "-O";
				VALIDATE_PRODUCT = YES;
			};
			name = Release;
		};
		F6A5876226ECA72B00BC767B /* Debug */ = {
			isa = XCBuildConfiguration;
			buildSettings = {
				ASSETCATALOG_COMPILER_APPICON_NAME = AppIcon;
				ASSETCATALOG_COMPILER_GLOBAL_ACCENT_COLOR_NAME = AccentColor;
				CODE_SIGN_STYLE = Automatic;
				INFOPLIST_FILE = Currency/Info.plist;
				LD_RUNPATH_SEARCH_PATHS = (
					"$(inherited)",
					"@executable_path/Frameworks",
				);
				PRODUCT_BUNDLE_IDENTIFIER = com.fcliang.Currency;
				PRODUCT_NAME = "$(TARGET_NAME)";
				SWIFT_VERSION = 5.0;
				TARGETED_DEVICE_FAMILY = "1,2";
			};
			name = Debug;
		};
		F6A5876326ECA72B00BC767B /* Release */ = {
			isa = XCBuildConfiguration;
			buildSettings = {
				ASSETCATALOG_COMPILER_APPICON_NAME = AppIcon;
				ASSETCATALOG_COMPILER_GLOBAL_ACCENT_COLOR_NAME = AccentColor;
				CODE_SIGN_STYLE = Automatic;
				INFOPLIST_FILE = Currency/Info.plist;
				LD_RUNPATH_SEARCH_PATHS = (
					"$(inherited)",
					"@executable_path/Frameworks",
				);
				PRODUCT_BUNDLE_IDENTIFIER = com.fcliang.Currency;
				PRODUCT_NAME = "$(TARGET_NAME)";
				SWIFT_VERSION = 5.0;
				TARGETED_DEVICE_FAMILY = "1,2";
			};
			name = Release;
		};
/* End XCBuildConfiguration section */

/* Begin XCConfigurationList section */
		F6A5874826ECA71500BC767B /* Build configuration list for PBXProject "Currency" */ = {
			isa = XCConfigurationList;
			buildConfigurations = (
				F6A5875F26ECA72B00BC767B /* Debug */,
				F6A5876026ECA72B00BC767B /* Release */,
			);
			defaultConfigurationIsVisible = 0;
			defaultConfigurationName = Release;
		};
		F6A5876126ECA72B00BC767B /* Build configuration list for PBXNativeTarget "Currency" */ = {
			isa = XCConfigurationList;
			buildConfigurations = (
				F6A5876226ECA72B00BC767B /* Debug */,
				F6A5876326ECA72B00BC767B /* Release */,
			);
			defaultConfigurationIsVisible = 0;
			defaultConfigurationName = Release;
		};
/* End XCConfigurationList section */
	};
	rootObject = F6A5874526ECA71500BC767B /* Project object */;
}
